
Microsoft Visual Studio Solution File, Format Version 11.00
# Visual Studio 2010
Project("{FAE04EC0-301F-11D3-BF4B-00C04F79EFBC}") = "Studio1 Template", "Assembly-CSharp.csproj", "{BBCCBDC7-75D9-91F7-5FDA-3749496CF93F}"
EndProject
Project("{FAE04EC0-301F-11D3-BF4B-00C04F79EFBC}") = "Studio1 Template", "Assembly-CSharp-Editor.csproj", "{4DF1828B-3FAC-B992-424C-4B9F95DCADEE}"
EndProject
Global
	GlobalSection(SolutionConfigurationPlatforms) = preSolution
		Debug|Any CPU = Debug|Any CPU
		Release|Any CPU = Release|Any CPU
	EndGlobalSection
	GlobalSection(ProjectConfigurationPlatforms) = postSolution
		{BBCCBDC7-75D9-91F7-5FDA-3749496CF93F}.Debug|Any CPU.ActiveCfg = Debug|Any CPU
		{BBCCBDC7-75D9-91F7-5FDA-3749496CF93F}.Debug|Any CPU.Build.0 = Debug|Any CPU
		{BBCCBDC7-75D9-91F7-5FDA-3749496CF93F}.Release|Any CPU.ActiveCfg = Release|Any CPU
		{BBCCBDC7-75D9-91F7-5FDA-3749496CF93F}.Release|Any CPU.Build.0 = Release|Any CPU
		{4DF1828B-3FAC-B992-424C-4B9F95DCADEE}.Debug|Any CPU.ActiveCfg = Debug|Any CPU
		{4DF1828B-3FAC-B992-424C-4B9F95DCADEE}.Debug|Any CPU.Build.0 = Debug|Any CPU
		{4DF1828B-3FAC-B992-424C-4B9F95DCADEE}.Release|Any CPU.ActiveCfg = Release|Any CPU
		{4DF1828B-3FAC-B992-424C-4B9F95DCADEE}.Release|Any CPU.Build.0 = Release|Any CPU
	EndGlobalSection
	GlobalSection(SolutionProperties) = preSolution
		HideSolutionNode = FALSE
	EndGlobalSection
	GlobalSection(MonoDevelopProperties) = preSolution
		StartupItem = Assembly-CSharp.csproj
	EndGlobalSection
EndGlobal
